PODS:
  - fmt (6.2.1)
  - react-ios (0.67.4.5):
    - fmt (~> 6.2.1)

DEPENDENCIES:
  - react-ios (from `../`)

SPEC REPOS:
  trunk:
    - fmt

EXTERNAL SOURCES:
  react-ios:
    :path: "../"

SPEC CHECKSUMS:
  fmt: ff9d55029c625d3757ed641535fd4a75fedc7ce9
  react-ios: 4b179fd1eac57f57b5a5244f6e459811103a6c33

PODFILE CHECKSUM: c38c8b12df7fefe39e4a300af184a0fd3a31e709

COCOAPODS: 1.11.3
