PODS:
  - boost-for-react-native (1.63.0)
  - DoubleConversion (1.1.5)
  - glog (0.3.4)
  - react-ios/framework (0.63.4.1):
    - boost-for-react-native (= 1.63.0)
    - DoubleConversion (= 1.1.5)
    - glog (= 0.3.4)
    - Yoga (= 1.14.0)
  - Yoga (1.14.0)

DEPENDENCIES:
  - react-ios/framework (from `../`)

SPEC REPOS:
  trunk:
    - boost-for-react-native
    - DoubleConversion
    - glog
    - Yoga

EXTERNAL SOURCES:
  react-ios:
    :path: "../"

SPEC CHECKSUMS:
  boost-for-react-native: 39c7adb57c4e60d6c5479dd8623128eb5b3f0f2c
  DoubleConversion: e22e0762848812a87afd67ffda3998d9ef29170c
  glog: 1de0bb937dccdc981596d3b5825ebfb765017ded
  react-ios: 56486cebeb7e2008be087cc284ef9302ae5e2cae
  Yoga: cff67a400f6b74dc38eb0bad4f156673d9aa980c

PODFILE CHECKSUM: 10f9cf722d267339dd976b9693ed2dc54ff9a3c5

COCOAPODS: 1.10.1
