PODS:
  - boost-for-react-native (1.63.0)
  - DoubleConversion (1.1.5)
  - glog (0.3.4)
  - ReactNativeCallInvoker (0.1.0)
  - ReactNativeCore (0.1.0):
    - boost-for-react-native (= 1.63.0)
    - DoubleConversion (= 1.1.5)
    - glog (= 0.3.4)
    - ReactNativeCallInvoker
    - ReactNativeCore/CoreModules (= 0.1.0)
    - ReactNativeCore/Default (= 0.1.0)
    - ReactNativeCore/DevSupport (= 0.1.0)
    - ReactNativeCore/FBReactNativeSpec (= 0.1.0)
    - ReactNativeCore/RCTActionSheet (= 0.1.0)
    - ReactNativeCore/RCTAnimation (= 0.1.0)
    - ReactNativeCore/RCTBlob (= 0.1.0)
    - ReactNativeCore/RCTImage (= 0.1.0)
    - ReactNativeCore/RCTLinking (= 0.1.0)
    - ReactNativeCore/RCTNetwork (= 0.1.0)
    - ReactNativeCore/RCTSettings (= 0.1.0)
    - ReactNativeCore/RCTText (= 0.1.0)
    - ReactNativeCore/RCTTypeSafety (= 0.1.0)
    - ReactNativeCore/RCTVibration (= 0.1.0)
    - ReactNativeCore/RCTWebSocket (= 0.1.0)
    - ReactNativeCore/ReactCommon (= 0.1.0)
    - ReactNativeCxxreact
    - ReactNativeExecutor
    - ReactNativeFolly
    - ReactNativeInspector
    - ReactNativeJsi
    - ReactNativeLazyVector
    - ReactNativeRequired
    - Yoga (= 1.14.0)
  - ReactNativeCore/CoreModules (0.1.0):
    - boost-for-react-native (= 1.63.0)
    - DoubleConversion (= 1.1.5)
    - glog (= 0.3.4)
    - ReactNativeCallInvoker
    - ReactNativeCore/Default
    - ReactNativeCore/FBReactNativeSpec
    - ReactNativeCore/RCTTypeSafety
    - ReactNativeCore/ReactCommon
    - ReactNativeCxxreact
    - ReactNativeExecutor
    - ReactNativeFolly
    - ReactNativeInspector
    - ReactNativeJsi
    - ReactNativeLazyVector
    - ReactNativeRequired
    - Yoga (= 1.14.0)
  - ReactNativeCore/Default (0.1.0):
    - boost-for-react-native (= 1.63.0)
    - DoubleConversion (= 1.1.5)
    - glog (= 0.3.4)
    - ReactNativeCallInvoker
    - ReactNativeCxxreact
    - ReactNativeExecutor
    - ReactNativeFolly
    - ReactNativeInspector
    - ReactNativeJsi
    - ReactNativeLazyVector
    - ReactNativeRequired
    - Yoga (= 1.14.0)
  - ReactNativeCore/DevSupport (0.1.0):
    - boost-for-react-native (= 1.63.0)
    - DoubleConversion (= 1.1.5)
    - glog (= 0.3.4)
    - ReactNativeCallInvoker
    - ReactNativeCore/Default
    - ReactNativeCore/RCTWebSocket
    - ReactNativeCore/ReactCommon
    - ReactNativeCxxreact
    - ReactNativeExecutor
    - ReactNativeFolly
    - ReactNativeInspector
    - ReactNativeJsi
    - ReactNativeLazyVector
    - ReactNativeRequired
    - Yoga (= 1.14.0)
  - ReactNativeCore/FBReactNativeSpec (0.1.0):
    - boost-for-react-native (= 1.63.0)
    - DoubleConversion (= 1.1.5)
    - glog (= 0.3.4)
    - ReactNativeCallInvoker
    - ReactNativeCxxreact
    - ReactNativeExecutor
    - ReactNativeFolly
    - ReactNativeInspector
    - ReactNativeJsi
    - ReactNativeLazyVector
    - ReactNativeRequired
    - Yoga (= 1.14.0)
  - ReactNativeCore/RCTActionSheet (0.1.0):
    - boost-for-react-native (= 1.63.0)
    - DoubleConversion (= 1.1.5)
    - glog (= 0.3.4)
    - ReactNativeCallInvoker
    - ReactNativeCore/Default
    - ReactNativeCxxreact
    - ReactNativeExecutor
    - ReactNativeFolly
    - ReactNativeInspector
    - ReactNativeJsi
    - ReactNativeLazyVector
    - ReactNativeRequired
    - Yoga (= 1.14.0)
  - ReactNativeCore/RCTAnimation (0.1.0):
    - boost-for-react-native (= 1.63.0)
    - DoubleConversion (= 1.1.5)
    - glog (= 0.3.4)
    - ReactNativeCallInvoker
    - ReactNativeCore/Default
    - ReactNativeCxxreact
    - ReactNativeExecutor
    - ReactNativeFolly
    - ReactNativeInspector
    - ReactNativeJsi
    - ReactNativeLazyVector
    - ReactNativeRequired
    - Yoga (= 1.14.0)
  - ReactNativeCore/RCTBlob (0.1.0):
    - boost-for-react-native (= 1.63.0)
    - DoubleConversion (= 1.1.5)
    - glog (= 0.3.4)
    - ReactNativeCallInvoker
    - ReactNativeCore/Default
    - ReactNativeCxxreact
    - ReactNativeExecutor
    - ReactNativeFolly
    - ReactNativeInspector
    - ReactNativeJsi
    - ReactNativeLazyVector
    - ReactNativeRequired
    - Yoga (= 1.14.0)
  - ReactNativeCore/RCTImage (0.1.0):
    - boost-for-react-native (= 1.63.0)
    - DoubleConversion (= 1.1.5)
    - glog (= 0.3.4)
    - ReactNativeCallInvoker
    - ReactNativeCore/Default
    - ReactNativeCxxreact
    - ReactNativeExecutor
    - ReactNativeFolly
    - ReactNativeInspector
    - ReactNativeJsi
    - ReactNativeLazyVector
    - ReactNativeRequired
    - Yoga (= 1.14.0)
  - ReactNativeCore/RCTLinking (0.1.0):
    - boost-for-react-native (= 1.63.0)
    - DoubleConversion (= 1.1.5)
    - glog (= 0.3.4)
    - ReactNativeCallInvoker
    - ReactNativeCore/Default
    - ReactNativeCxxreact
    - ReactNativeExecutor
    - ReactNativeFolly
    - ReactNativeInspector
    - ReactNativeJsi
    - ReactNativeLazyVector
    - ReactNativeRequired
    - Yoga (= 1.14.0)
  - ReactNativeCore/RCTNetwork (0.1.0):
    - boost-for-react-native (= 1.63.0)
    - DoubleConversion (= 1.1.5)
    - glog (= 0.3.4)
    - ReactNativeCallInvoker
    - ReactNativeCore/Default
    - ReactNativeCxxreact
    - ReactNativeExecutor
    - ReactNativeFolly
    - ReactNativeInspector
    - ReactNativeJsi
    - ReactNativeLazyVector
    - ReactNativeRequired
    - Yoga (= 1.14.0)
  - ReactNativeCore/RCTSettings (0.1.0):
    - boost-for-react-native (= 1.63.0)
    - DoubleConversion (= 1.1.5)
    - glog (= 0.3.4)
    - ReactNativeCallInvoker
    - ReactNativeCore/Default
    - ReactNativeCxxreact
    - ReactNativeExecutor
    - ReactNativeFolly
    - ReactNativeInspector
    - ReactNativeJsi
    - ReactNativeLazyVector
    - ReactNativeRequired
    - Yoga (= 1.14.0)
  - ReactNativeCore/RCTText (0.1.0):
    - boost-for-react-native (= 1.63.0)
    - DoubleConversion (= 1.1.5)
    - glog (= 0.3.4)
    - ReactNativeCallInvoker
    - ReactNativeCore/Default
    - ReactNativeCxxreact
    - ReactNativeExecutor
    - ReactNativeFolly
    - ReactNativeInspector
    - ReactNativeJsi
    - ReactNativeLazyVector
    - ReactNativeRequired
    - Yoga (= 1.14.0)
  - ReactNativeCore/RCTTypeSafety (0.1.0):
    - boost-for-react-native (= 1.63.0)
    - DoubleConversion (= 1.1.5)
    - glog (= 0.3.4)
    - ReactNativeCallInvoker
    - ReactNativeCxxreact
    - ReactNativeExecutor
    - ReactNativeFolly
    - ReactNativeInspector
    - ReactNativeJsi
    - ReactNativeLazyVector
    - ReactNativeRequired
    - Yoga (= 1.14.0)
  - ReactNativeCore/RCTVibration (0.1.0):
    - boost-for-react-native (= 1.63.0)
    - DoubleConversion (= 1.1.5)
    - glog (= 0.3.4)
    - ReactNativeCallInvoker
    - ReactNativeCore/Default
    - ReactNativeCxxreact
    - ReactNativeExecutor
    - ReactNativeFolly
    - ReactNativeInspector
    - ReactNativeJsi
    - ReactNativeLazyVector
    - ReactNativeRequired
    - Yoga (= 1.14.0)
  - ReactNativeCore/RCTWebSocket (0.1.0):
    - boost-for-react-native (= 1.63.0)
    - DoubleConversion (= 1.1.5)
    - glog (= 0.3.4)
    - ReactNativeCallInvoker
    - ReactNativeCore/Default
    - ReactNativeCxxreact
    - ReactNativeExecutor
    - ReactNativeFolly
    - ReactNativeInspector
    - ReactNativeJsi
    - ReactNativeLazyVector
    - ReactNativeRequired
    - Yoga (= 1.14.0)
  - ReactNativeCore/ReactCommon (0.1.0):
    - boost-for-react-native (= 1.63.0)
    - DoubleConversion (= 1.1.5)
    - glog (= 0.3.4)
    - ReactNativeCallInvoker
    - ReactNativeCxxreact
    - ReactNativeExecutor
    - ReactNativeFolly
    - ReactNativeInspector
    - ReactNativeJsi
    - ReactNativeLazyVector
    - ReactNativeRequired
    - Yoga (= 1.14.0)
  - ReactNativeCxxreact (0.1.0):
    - boost-for-react-native (= 1.63.0)
    - DoubleConversion (= 1.1.5)
    - glog (= 0.3.4)
    - ReactNativeCallInvoker
    - ReactNativeFolly
    - ReactNativeInspector
  - ReactNativeExecutor (0.1.0):
    - boost-for-react-native (= 1.63.0)
    - DoubleConversion (= 1.1.5)
    - glog (= 0.3.4)
    - ReactNativeCxxreact
    - ReactNativeFolly
    - ReactNativeJsi
  - ReactNativeFolly (0.1.6):
    - boost-for-react-native (= 1.63.0)
    - DoubleConversion (= 1.1.5)
    - glog (= 0.3.4)
  - ReactNativeInspector (0.1.0)
  - ReactNativeJsi (0.1.0):
    - boost-for-react-native (= 1.63.0)
    - DoubleConversion (= 1.1.5)
    - glog (= 0.3.4)
    - ReactNativeFolly (= 0.1.6)
  - ReactNativeLazyVector (0.1.0)
  - ReactNativeRequired (0.1.5)
  - Yoga (1.14.0)

DEPENDENCIES:
  - ReactNativeCore (from `../`)

SPEC REPOS:
  trunk:
    - boost-for-react-native
    - DoubleConversion
    - glog
    - ReactNativeCallInvoker
    - ReactNativeCxxreact
    - ReactNativeExecutor
    - ReactNativeFolly
    - ReactNativeInspector
    - ReactNativeJsi
    - ReactNativeLazyVector
    - ReactNativeRequired
    - Yoga

EXTERNAL SOURCES:
  ReactNativeCore:
    :path: "../"

SPEC CHECKSUMS:
  boost-for-react-native: 39c7adb57c4e60d6c5479dd8623128eb5b3f0f2c
  DoubleConversion: e22e0762848812a87afd67ffda3998d9ef29170c
  glog: 1de0bb937dccdc981596d3b5825ebfb765017ded
  ReactNativeCallInvoker: 1e9ffb6bd3d85d13fa80763c37917c3ec64744be
  ReactNativeCore: 7c2b718967724bb15a24da4a458b2be9e00080bd
  ReactNativeCxxreact: a1d4ccfeaaf7dae4ec187345ec07e245f10c4ce6
  ReactNativeExecutor: 95578f5975433e00036b87e6cdfdd9618743866e
  ReactNativeFolly: 441c57941fc336af649ce5c4d62fe6a29e17305a
  ReactNativeInspector: 274dcd5cba8b08780fd255c7c291d159f88afd1c
  ReactNativeJsi: 9547bffbbde5095955967625b3b9315fa34468ed
  ReactNativeLazyVector: 4a502c92fb3db653bf18d87e2ae0ef16f79f0be6
  ReactNativeRequired: 42f607135d2cb652ddd66c543aa982f01a50c4c6
  Yoga: cff67a400f6b74dc38eb0bad4f156673d9aa980c

PODFILE CHECKSUM: a653c86733545cdc1ab523ce39f2f765e357b51b

COCOAPODS: 1.10.1
